// !$*UTF8*$!
{
	archiveVersion = 1;
	classes = {
	};
	objectVersion = 77;
	objects = {

/* Begin PBXBuildFile section */
		EE9254442EC2F861006ECDEB /* LeapChucker in Frameworks */ = {isa = PBXBuildFile; productRef = EE9254432EC2F861006ECDEB /* LeapChucker */; };
		EEB8D8D52EC3003C007FBC3D /* Lottie in Frameworks */ = {isa = PBXBuildFile; productRef = EEB8D8D42EC3003C007FBC3D /* Lottie */; };
		EED9F90F2D71A27B000D3406 /* Alamofire in Frameworks */ = {isa = PBXBuildFile; productRef = EED9F90E2D71A27B000D3406 /* Alamofire */; };
		EED9F9D42D7220C6000D3406 /* Alamofire in Frameworks */ = {isa = PBXBuildFile; productRef = EED9F9D32D7220C6000D3406 /* Alamofire */; };
/* End PBXBuildFile section */

/* Begin PBXContainerItemProxy section */
		EED9F8E72D71A071000D3406 /* PBXContainerItemProxy */ = {
			isa = PBXContainerItemProxy;
			containerPortal = EED9F8CE2D71A06F000D3406 /* Project object */;
			proxyType = 1;
			remoteGlobalIDString = EED9F8D52D71A06F000D3406;
			remoteInfo = SpendiTracker;
		};
		EED9F8F12D71A071000D3406 /* PBXContainerItemProxy */ = {
			isa = PBXContainerItemProxy;
			containerPortal = EED9F8CE2D71A06F000D3406 /* Project object */;
			proxyType = 1;
			remoteGlobalIDString = EED9F8D52D71A06F000D3406;
			remoteInfo = SpendiTracker;
		};
/* End PBXContainerItemProxy section */

/* Begin PBXCopyFilesBuildPhase section */
		EE36117B2EC310B100C7834F /* Embed Frameworks */ = {
			isa = PBXCopyFilesBuildPhase;
			buildActionMask = 2147483647;
			dstPath = "";
			dstSubfolderSpec = 10;
			files = (
			);
			name = "Embed Frameworks";
			runOnlyForDeploymentPostprocessing = 0;
		};
/* End PBXCopyFilesBuildPhase section */

/* Begin PBXFileReference section */
		EED9F8D62D71A06F000D3406 /* SpendiTracker.app */ = {isa = PBXFileReference; explicitFileType = wrapper.application; includeInIndex = 0; path = SpendiTracker.app; sourceTree = BUILT_PRODUCTS_DIR; };
		EED9F8E62D71A071000D3406 /* SpendiTrackerTests.xctest */ = {isa = PBXFileReference; explicitFileType = wrapper.cfbundle; includeInIndex = 0; path = SpendiTrackerTests.xctest; sourceTree = BUILT_PRODUCTS_DIR; };
		EED9F8F02D71A071000D3406 /* SpendiTrackerUITests.xctest */ = {isa = PBXFileReference; explicitFileType = wrapper.cfbundle; includeInIndex = 0; path = SpendiTrackerUITests.xctest; sourceTree = BUILT_PRODUCTS_DIR; };
/* End PBXFileReference section */

/* Begin PBXFileSystemSynchronizedBuildFileExceptionSet section */
		EE3611842EC32CF900C7834F /* Exceptions for "SpendiTracker" folder in "SpendiTracker" target */ = {
			isa = PBXFileSystemSynchronizedBuildFileExceptionSet;
			membershipExceptions = (
				Info.plist,
			);
			target = EED9F8D52D71A06F000D3406 /* SpendiTracker */;
		};
/* End PBXFileSystemSynchronizedBuildFileExceptionSet section */

/* Begin PBXFileSystemSynchronizedRootGroup section */
		EED9F8D82D71A06F000D3406 /* SpendiTracker */ = {
			isa = PBXFileSystemSynchronizedRootGroup;
			exceptions = (
				EE3611842EC32CF900C7834F /* Exceptions for "SpendiTracker" folder in "SpendiTracker" target */,
			);
			path = SpendiTracker;
			sourceTree = "<group>";
		};
		EED9F8E92D71A071000D3406 /* SpendiTrackerTests */ = {
			isa = PBXFileSystemSynchronizedRootGroup;
			path = SpendiTrackerTests;
			sourceTree = "<group>";
		};
		EED9F8F32D71A071000D3406 /* SpendiTrackerUITests */ = {
			isa = PBXFileSystemSynchronizedRootGroup;
			path = SpendiTrackerUITests;
			sourceTree = "<group>";
		};
/* End PBXFileSystemSynchronizedRootGroup section */

/* Begin PBXFrameworksBuildPhase section */
		EED9F8D32D71A06F000D3406 /* Frameworks */ = {
			isa = PBXFrameworksBuildPhase;
			buildActionMask = 2147483647;
			files = (
				EE9254442EC2F861006ECDEB /* LeapChucker in Frameworks */,
				EED9F90F2D71A27B000D3406 /* Alamofire in Frameworks */,
				EEB8D8D52EC3003C007FBC3D /* Lottie in Frameworks */,
			);
			runOnlyForDeploymentPostprocessing = 0;
		};
		EED9F8E32D71A071000D3406 /* Frameworks */ = {
			isa = PBXFrameworksBuildPhase;
			buildActionMask = 2147483647;
			files = (
				EED9F9D42D7220C6000D3406 /* Alamofire in Frameworks */,
			);
			runOnlyForDeploymentPostprocessing = 0;
		};
		EED9F8ED2D71A071000D3406 /* Frameworks */ = {
			isa = PBXFrameworksBuildPhase;
			buildActionMask = 2147483647;
			files = (
			);
			runOnlyForDeploymentPostprocessing = 0;
		};
/* End PBXFrameworksBuildPhase section */

/* Begin PBXGroup section */
		EED9F8CD2D71A06F000D3406 = {
			isa = PBXGroup;
			children = (
				EED9F8D82D71A06F000D3406 /* SpendiTracker */,
				EED9F8E92D71A071000D3406 /* SpendiTrackerTests */,
				EED9F8F32D71A071000D3406 /* SpendiTrackerUITests */,
				EED9F8D72D71A06F000D3406 /* Products */,
			);
			sourceTree = "<group>";
		};
		EED9F8D72D71A06F000D3406 /* Products */ = {
			isa = PBXGroup;
			children = (
				EED9F8D62D71A06F000D3406 /* SpendiTracker.app */,
				EED9F8E62D71A071000D3406 /* SpendiTrackerTests.xctest */,
				EED9F8F02D71A071000D3406 /* SpendiTrackerUITests.xctest */,
			);
			name = Products;
			sourceTree = "<group>";
		};
/* End PBXGroup section */

/* Begin PBXNativeTarget section */
		EED9F8D52D71A06F000D3406 /* SpendiTracker */ = {
			isa = PBXNativeTarget;
			buildConfigurationList = EED9F8FA2D71A071000D3406 /* Build configuration list for PBXNativeTarget "SpendiTracker" */;
			buildPhases = (
				EED9F8D22D71A06F000D3406 /* Sources */,
				EED9F8D32D71A06F000D3406 /* Frameworks */,
				EED9F8D42D71A06F000D3406 /* Resources */,
				EE36117B2EC310B100C7834F /* Embed Frameworks */,
			);
			buildRules = (
			);
			dependencies = (
			);
			fileSystemSynchronizedGroups = (
				EED9F8D82D71A06F000D3406 /* SpendiTracker */,
			);
			name = SpendiTracker;
			packageProductDependencies = (
				EED9F90E2D71A27B000D3406 /* Alamofire */,
				EE9254432EC2F861006ECDEB /* LeapChucker */,
				EEB8D8D42EC3003C007FBC3D /* Lottie */,
			);
			productName = SpendiTracker;
			productReference = EED9F8D62D71A06F000D3406 /* SpendiTracker.app */;
			productType = "com.apple.product-type.application";
		};
		EED9F8E52D71A071000D3406 /* SpendiTrackerTests */ = {
			isa = PBXNativeTarget;
			buildConfigurationList = EED9F8FD2D71A071000D3406 /* Build configuration list for PBXNativeTarget "SpendiTrackerTests" */;
			buildPhases = (
				EED9F8E22D71A071000D3406 /* Sources */,
				EED9F8E32D71A071000D3406 /* Frameworks */,
				EED9F8E42D71A071000D3406 /* Resources */,
			);
			buildRules = (
			);
			dependencies = (
				EED9F8E82D71A071000D3406 /* PBXTargetDependency */,
			);
			fileSystemSynchronizedGroups = (
				EED9F8E92D71A071000D3406 /* SpendiTrackerTests */,
			);
			name = SpendiTrackerTests;
			packageProductDependencies = (
				EED9F9D32D7220C6000D3406 /* Alamofire */,
			);
			productName = SpendiTrackerTests;
			productReference = EED9F8E62D71A071000D3406 /* SpendiTrackerTests.xctest */;
			productType = "com.apple.product-type.bundle.unit-test";
		};
		EED9F8EF2D71A071000D3406 /* SpendiTrackerUITests */ = {
			isa = PBXNativeTarget;
			buildConfigurationList = EED9F9002D71A071000D3406 /* Build configuration list for PBXNativeTarget "SpendiTrackerUITests" */;
			buildPhases = (
				EED9F8EC2D71A071000D3406 /* Sources */,
				EED9F8ED2D71A071000D3406 /* Frameworks */,
				EED9F8EE2D71A071000D3406 /* Resources */,
			);
			buildRules = (
			);
			dependencies = (
				EED9F8F22D71A071000D3406 /* PBXTargetDependency */,
			);
			fileSystemSynchronizedGroups = (
				EED9F8F32D71A071000D3406 /* SpendiTrackerUITests */,
			);
			name = SpendiTrackerUITests;
			packageProductDependencies = (
			);
			productName = SpendiTrackerUITests;
			productReference = EED9F8F02D71A071000D3406 /* SpendiTrackerUITests.xctest */;
			productType = "com.apple.product-type.bundle.ui-testing";
		};
/* End PBXNativeTarget section */

/* Begin PBXProject section */
		EED9F8CE2D71A06F000D3406 /* Project object */ = {
			isa = PBXProject;
			attributes = {
				BuildIndependentTargetsInParallel = 1;
				LastSwiftUpdateCheck = 1600;
				LastUpgradeCheck = 1600;
				TargetAttributes = {
					EED9F8D52D71A06F000D3406 = {
						CreatedOnToolsVersion = 16.0;
					};
					EED9F8E52D71A071000D3406 = {
						CreatedOnToolsVersion = 16.0;
						TestTargetID = EED9F8D52D71A06F000D3406;
					};
					EED9F8EF2D71A071000D3406 = {
						CreatedOnToolsVersion = 16.0;
						TestTargetID = EED9F8D52D71A06F000D3406;
					};
				};
			};
			buildConfigurationList = EED9F8D12D71A06F000D3406 /* Build configuration list for PBXProject "SpendiTracker" */;
			developmentRegion = en;
			hasScannedForEncodings = 0;
			knownRegions = (
				en,
				Base,
			);
			mainGroup = EED9F8CD2D71A06F000D3406;
			minimizedProjectReferenceProxies = 1;
			packageReferences = (
				EED9F90D2D71A27B000D3406 /* XCRemoteSwiftPackageReference "Alamofire" */,
				EE9254422EC2F861006ECDEB /* XCRemoteSwiftPackageReference "LeapChucker" */,
				EEB8D8D32EC3003C007FBC3D /* XCRemoteSwiftPackageReference "lottie-ios" */,
			);
			preferredProjectObjectVersion = 77;
			productRefGroup = EED9F8D72D71A06F000D3406 /* Products */;
			projectDirPath = "";
			projectRoot = "";
			targets = (
				EED9F8D52D71A06F000D3406 /* SpendiTracker */,
				EED9F8E52D71A071000D3406 /* SpendiTrackerTests */,
				EED9F8EF2D71A071000D3406 /* SpendiTrackerUITests */,
			);
		};
/* End PBXProject section */

/* Begin PBXResourcesBuildPhase section */
		EED9F8D42D71A06F000D3406 /* Resources */ = {
			isa = PBXResourcesBuildPhase;
			buildActionMask = 2147483647;
			files = (
			);
			runOnlyForDeploymentPostprocessing = 0;
		};
		EED9F8E42D71A071000D3406 /* Resources */ = {
			isa = PBXResourcesBuildPhase;
			buildActionMask = 2147483647;
			files = (
			);
			runOnlyForDeploymentPostprocessing = 0;
		};
		EED9F8EE2D71A071000D3406 /* Resources */ = {
			isa = PBXResourcesBuildPhase;
			buildActionMask = 2147483647;
			files = (
			);
			runOnlyForDeploymentPostprocessing = 0;
		};
/* End PBXResourcesBuildPhase section */

/* Begin PBXSourcesBuildPhase section */
		EED9F8D22D71A06F000D3406 /* Sources */ = {
			isa = PBXSourcesBuildPhase;
			buildActionMask = 2147483647;
			files = (
			);
			runOnlyForDeploymentPostprocessing = 0;
		};
		EED9F8E22D71A071000D3406 /* Sources */ = {
			isa = PBXSourcesBuildPhase;
			buildActionMask = 2147483647;
			files = (
			);
			runOnlyForDeploymentPostprocessing = 0;
		};
		EED9F8EC2D71A071000D3406 /* Sources */ = {
			isa = PBXSourcesBuildPhase;
			buildActionMask = 2147483647;
			files = (
			);
			runOnlyForDeploymentPostprocessing = 0;
		};
/* End PBXSourcesBuildPhase section */

/* Begin PBXTargetDependency section */
		EED9F8E82D71A071000D3406 /* PBXTargetDependency */ = {
			isa = PBXTargetDependency;
			target = EED9F8D52D71A06F000D3406 /* SpendiTracker */;
			targetProxy = EED9F8E72D71A071000D3406 /* PBXContainerItemProxy */;
		};
		EED9F8F22D71A071000D3406 /* PBXTargetDependency */ = {
			isa = PBXTargetDependency;
			target = EED9F8D52D71A06F000D3406 /* SpendiTracker */;
			targetProxy = EED9F8F12D71A071000D3406 /* PBXContainerItemProxy */;
		};
/* End PBXTargetDependency section */

/* Begin XCBuildConfiguration section */
		EED9F8F82D71A071000D3406 /* Debug */ = {
			isa = XCBuildConfiguration;
			buildSettings = {
				ALWAYS_SEARCH_USER_PATHS = NO;
				ASSETCATALOG_COMPILER_GENERATE_SWIFT_ASSET_SYMBOL_EXTENSIONS = YES;
				CLANG_ANALYZER_NONNULL = YES;
				CLANG_ANALYZER_NUMBER_OBJECT_CONVERSION = YES_AGGRESSIVE;
				CLANG_CXX_LANGUAGE_STANDARD = "gnu++20";
				CLANG_ENABLE_MODULES = YES;
				CLANG_ENABLE_OBJC_ARC = YES;
				CLANG_ENABLE_OBJC_WEAK = YES;
				CLANG_WARN_BLOCK_CAPTURE_AUTORELEASING = YES;
				CLANG_WARN_BOOL_CONVERSION = YES;
				CLANG_WARN_COMMA = YES;
				CLANG_WARN_CONSTANT_CONVERSION = YES;
				CLANG_WARN_DEPRECATED_OBJC_IMPLEMENTATIONS = YES;
				CLANG_WARN_DIRECT_OBJC_ISA_USAGE = YES_ERROR;
				CLANG_WARN_DOCUMENTATION_COMMENTS = YES;
				CLANG_WARN_EMPTY_BODY = YES;
				CLANG_WARN_ENUM_CONVERSION = YES;
				CLANG_WARN_INFINITE_RECURSION = YES;
				CLANG_WARN_INT_CONVERSION = YES;
				CLANG_WARN_NON_LITERAL_NULL_CONVERSION = YES;
				CLANG_WARN_OBJC_IMPLICIT_RETAIN_SELF = YES;
				CLANG_WARN_OBJC_LITERAL_CONVERSION = YES;
				CLANG_WARN_OBJC_ROOT_CLASS = YES_ERROR;
				CLANG_WARN_QUOTED_INCLUDE_IN_FRAMEWORK_HEADER = YES;
				CLANG_WARN_RANGE_LOOP_ANALYSIS = YES;
				CLANG_WARN_STRICT_PROTOTYPES = YES;
				CLANG_WARN_SUSPICIOUS_MOVE = YES;
				CLANG_WARN_UNGUARDED_AVAILABILITY = YES_AGGRESSIVE;
				CLANG_WARN_UNREACHABLE_CODE = YES;
				CLANG_WARN__DUPLICATE_METHOD_MATCH = YES;
				COPY_PHASE_STRIP = NO;
				DEBUG_INFORMATION_FORMAT = dwarf;
				ENABLE_STRICT_OBJC_MSGSEND = YES;
				ENABLE_TESTABILITY = YES;
				ENABLE_USER_SCRIPT_SANDBOXING = YES;
				GCC_C_LANGUAGE_STANDARD = gnu17;
				GCC_DYNAMIC_NO_PIC = NO;
				GCC_NO_COMMON_BLOCKS = YES;
				GCC_OPTIMIZATION_LEVEL = 0;
				GCC_PREPROCESSOR_DEFINITIONS = (
					"DEBUG=1",
					"$(inherited)",
				);
				GCC_WARN_64_TO_32_BIT_CONVERSION = YES;
				GCC_WARN_ABOUT_RETURN_TYPE = YES_ERROR;
				GCC_WARN_UNDECLARED_SELECTOR = YES;
				GCC_WARN_UNINITIALIZED_AUTOS = YES_AGGRESSIVE;
				GCC_WARN_UNUSED_FUNCTION = YES;
				GCC_WARN_UNUSED_VARIABLE = YES;
				IPHONEOS_DEPLOYMENT_TARGET = 18.0;
				LOCALIZATION_PREFERS_STRING_CATALOGS = YES;
				MTL_ENABLE_DEBUG_INFO = INCLUDE_SOURCE;
				MTL_FAST_MATH = YES;
				ONLY_ACTIVE_ARCH = YES;
				SDKROOT = iphoneos;
				SWIFT_ACTIVE_COMPILATION_CONDITIONS = "DEBUG $(inherited)";
				SWIFT_OPTIMIZATION_LEVEL = "-Onone";
			};
			name = Debug;
		};
		EED9F8F92D71A071000D3406 /* Release */ = {
			isa = XCBuildConfiguration;
			buildSettings = {
				ALWAYS_SEARCH_USER_PATHS = NO;
				ASSETCATALOG_COMPILER_GENERATE_SWIFT_ASSET_SYMBOL_EXTENSIONS = YES;
				CLANG_ANALYZER_NONNULL = YES;
				CLANG_ANALYZER_NUMBER_OBJECT_CONVERSION = YES_AGGRESSIVE;
				CLANG_CXX_LANGUAGE_STANDARD = "gnu++20";
				CLANG_ENABLE_MODULES = YES;
				CLANG_ENABLE_OBJC_ARC = YES;
				CLANG_ENABLE_OBJC_WEAK = YES;
				CLANG_WARN_BLOCK_CAPTURE_AUTORELEASING = YES;
				CLANG_WARN_BOOL_CONVERSION = YES;
				CLANG_WARN_COMMA = YES;
				CLANG_WARN_CONSTANT_CONVERSION = YES;
				CLANG_WARN_DEPRECATED_OBJC_IMPLEMENTATIONS = YES;
				CLANG_WARN_DIRECT_OBJC_ISA_USAGE = YES_ERROR;
				CLANG_WARN_DOCUMENTATION_COMMENTS = YES;
				CLANG_WARN_EMPTY_BODY = YES;
				CLANG_WARN_ENUM_CONVERSION = YES;
				CLANG_WARN_INFINITE_RECURSION = YES;
				CLANG_WARN_INT_CONVERSION = YES;
				CLANG_WARN_NON_LITERAL_NULL_CONVERSION = YES;
				CLANG_WARN_OBJC_IMPLICIT_RETAIN_SELF = YES;
				CLANG_WARN_OBJC_LITERAL_CONVERSION = YES;
				CLANG_WARN_OBJC_ROOT_CLASS = YES_ERROR;
				CLANG_WARN_QUOTED_INCLUDE_IN_FRAMEWORK_HEADER = YES;
				CLANG_WARN_RANGE_LOOP_ANALYSIS = YES;
				CLANG_WARN_STRICT_PROTOTYPES = YES;
				CLANG_WARN_SUSPICIOUS_MOVE = YES;
				CLANG_WARN_UNGUARDED_AVAILABILITY = YES_AGGRESSIVE;
				CLANG_WARN_UNREACHABLE_CODE = YES;
				CLANG_WARN__DUPLICATE_METHOD_MATCH = YES;
				COPY_PHASE_STRIP = NO;
				DEBUG_INFORMATION_FORMAT = "dwarf-with-dsym";
				ENABLE_NS_ASSERTIONS = NO;
				ENABLE_STRICT_OBJC_MSGSEND = YES;
				ENABLE_USER_SCRIPT_SANDBOXING = YES;
				GCC_C_LANGUAGE_STANDARD = gnu17;
				GCC_NO_COMMON_BLOCKS = YES;
				GCC_WARN_64_TO_32_BIT_CONVERSION = YES;
				GCC_WARN_ABOUT_RETURN_TYPE = YES_ERROR;
				GCC_WARN_UNDECLARED_SELECTOR = YES;
				GCC_WARN_UNINITIALIZED_AUTOS = YES_AGGRESSIVE;
				GCC_WARN_UNUSED_FUNCTION = YES;
				GCC_WARN_UNUSED_VARIABLE = YES;
				IPHONEOS_DEPLOYMENT_TARGET = 18.0;
				LOCALIZATION_PREFERS_STRING_CATALOGS = YES;
				MTL_ENABLE_DEBUG_INFO = NO;
				MTL_FAST_MATH = YES;
				SDKROOT = iphoneos;
				SWIFT_COMPILATION_MODE = wholemodule;
				VALIDATE_PRODUCT = YES;
			};
			name = Release;
		};
		EED9F8FB2D71A071000D3406 /* Debug */ = {
			isa = XCBuildConfiguration;
			buildSettings = {
				APP_KEYCHAIN = com.irfan.spendiTracker.dev;
				ASSETCATALOG_COMPILER_APPICON_NAME = AppIcon;
				ASSETCATALOG_COMPILER_GLOBAL_ACCENT_COLOR_NAME = AccentColor;
				CODE_SIGN_ENTITLEMENTS = SpendiTracker/SpendiTracker.entitlements;
				CODE_SIGN_STYLE = Automatic;
				CURRENT_PROJECT_VERSION = 1;
				DEVELOPMENT_ASSET_PATHS = "\"SpendiTracker/Preview Content\"";
				DEVELOPMENT_TEAM = 3P8PQZ7GZK;
				ENABLE_PREVIEWS = YES;
				GENERATE_INFOPLIST_FILE = YES;
				INFOPLIST_FILE = SpendiTracker/Info.plist;
				INFOPLIST_KEY_LSApplicationCategoryType = "";
				INFOPLIST_KEY_UIApplicationSceneManifest_Generation = YES;
				INFOPLIST_KEY_UIApplicationSupportsIndirectInputEvents = YES;
				INFOPLIST_KEY_UILaunchScreen_Generation = YES;
				INFOPLIST_KEY_UISupportedInterfaceOrientations_iPad = "UIInterfaceOrientationPortrait UIInterfaceOrientationPortraitUpsideDown UIInterfaceOrientationLandscapeLeft UIInterfaceOrientationLandscapeRight";
				INFOPLIST_KEY_UISupportedInterfaceOrientations_iPhone = "UIInterfaceOrientationPortrait UIInterfaceOrientationLandscapeLeft UIInterfaceOrientationLandscapeRight";
				LD_RUNPATH_SEARCH_PATHS = (
					"$(inherited)",
					"@executable_path/Frameworks",
				);
				MARKETING_VERSION = 1.0;
				PRODUCT_BUNDLE_IDENTIFIER = com.irfan.spendiTracker.SpendiTracker;
				PRODUCT_NAME = "$(TARGET_NAME)";
				SCHEME_NAME = dev;
				SERVER_URL = "http://127.0.0.1:8080";
				SWIFT_EMIT_LOC_STRINGS = YES;
				SWIFT_VERSION = 5.0;
				TARGETED_DEVICE_FAMILY = "1,2";
			};
			name = Debug;
		};
		EED9F8FC2D71A071000D3406 /* Release */ = {
			isa = XCBuildConfiguration;
			buildSettings = {
				APP_KEYCHAIN = com.irfan.spendiTracker;
				ASSETCATALOG_COMPILER_APPICON_NAME = AppIcon;
				ASSETCATALOG_COMPILER_GLOBAL_ACCENT_COLOR_NAME = AccentColor;
				CODE_SIGN_ENTITLEMENTS = SpendiTracker/SpendiTracker.entitlements;
				CODE_SIGN_STYLE = Automatic;
				CURRENT_PROJECT_VERSION = 1;
				DEVELOPMENT_ASSET_PATHS = "\"SpendiTracker/Preview Content\"";
				DEVELOPMENT_TEAM = 3P8PQZ7GZK;
				ENABLE_PREVIEWS = YES;
				GENERATE_INFOPLIST_FILE = YES;
				INFOPLIST_FILE = SpendiTracker/Info.plist;
				INFOPLIST_KEY_LSApplicationCategoryType = "";
				INFOPLIST_KEY_UIApplicationSceneManifest_Generation = YES;
				INFOPLIST_KEY_UIApplicationSupportsIndirectInputEvents = YES;
				INFOPLIST_KEY_UILaunchScreen_Generation = YES;
				INFOPLIST_KEY_UISupportedInterfaceOrientations_iPad = "UIInterfaceOrientationPortrait UIInterfaceOrientationPortraitUpsideDown UIInterfaceOrientationLandscapeLeft UIInterfaceOrientationLandscapeRight";
				INFOPLIST_KEY_UISupportedInterfaceOrientations_iPhone = "UIInterfaceOrientationPortrait UIInterfaceOrientationLandscapeLeft UIInterfaceOrientationLandscapeRight";
				LD_RUNPATH_SEARCH_PATHS = (
					"$(inherited)",
					"@executable_path/Frameworks",
				);
				MARKETING_VERSION = 1.0;
				PRODUCT_BUNDLE_IDENTIFIER = com.irfan.spendiTracker.SpendiTracker;
				PRODUCT_NAME = "$(TARGET_NAME)";
				SCHEME_NAME = release;
				SERVER_URL = "http://127.0.0.1:8080";
				SWIFT_EMIT_LOC_STRINGS = YES;
				SWIFT_VERSION = 5.0;
				TARGETED_DEVICE_FAMILY = "1,2";
			};
			name = Release;
		};
		EED9F8FE2D71A071000D3406 /* Debug */ = {
			isa = XCBuildConfiguration;
			buildSettings = {
				BUNDLE_LOADER = "$(TEST_HOST)";
				CODE_SIGN_STYLE = Automatic;
				CURRENT_PROJECT_VERSION = 1;
				DEVELOPMENT_TEAM = 3P8PQZ7GZK;
				GENERATE_INFOPLIST_FILE = YES;
				IPHONEOS_DEPLOYMENT_TARGET = 18.0;
				MARKETING_VERSION = 1.0;
				PRODUCT_BUNDLE_IDENTIFIER = com.irfan.spendiTracker.SpendiTrackerTests;
				PRODUCT_NAME = "$(TARGET_NAME)";
				SWIFT_EMIT_LOC_STRINGS = NO;
				SWIFT_VERSION = 5.0;
				TARGETED_DEVICE_FAMILY = "1,2";
				TEST_HOST = "$(BUILT_PRODUCTS_DIR)/SpendiTracker.app/$(BUNDLE_EXECUTABLE_FOLDER_PATH)/SpendiTracker";
			};
			name = Debug;
		};
		EED9F8FF2D71A071000D3406 /* Release */ = {
			isa = XCBuildConfiguration;
			buildSettings = {
				BUNDLE_LOADER = "$(TEST_HOST)";
				CODE_SIGN_STYLE = Automatic;
				CURRENT_PROJECT_VERSION = 1;
				DEVELOPMENT_TEAM = 3P8PQZ7GZK;
				GENERATE_INFOPLIST_FILE = YES;
				IPHONEOS_DEPLOYMENT_TARGET = 18.0;
				MARKETING_VERSION = 1.0;
				PRODUCT_BUNDLE_IDENTIFIER = com.irfan.spendiTracker.SpendiTrackerTests;
				PRODUCT_NAME = "$(TARGET_NAME)";
				SWIFT_EMIT_LOC_STRINGS = NO;
				SWIFT_VERSION = 5.0;
				TARGETED_DEVICE_FAMILY = "1,2";
				TEST_HOST = "$(BUILT_PRODUCTS_DIR)/SpendiTracker.app/$(BUNDLE_EXECUTABLE_FOLDER_PATH)/SpendiTracker";
			};
			name = Release;
		};
		EED9F9012D71A071000D3406 /* Debug */ = {
			isa = XCBuildConfiguration;
			buildSettings = {
				CODE_SIGN_STYLE = Automatic;
				CURRENT_PROJECT_VERSION = 1;
				DEVELOPMENT_TEAM = 3P8PQZ7GZK;
				GENERATE_INFOPLIST_FILE = YES;
				MARKETING_VERSION = 1.0;
				PRODUCT_BUNDLE_IDENTIFIER = com.irfan.spendiTracker.SpendiTrackerUITests;
				PRODUCT_NAME = "$(TARGET_NAME)";
				SWIFT_EMIT_LOC_STRINGS = NO;
				SWIFT_VERSION = 5.0;
				TARGETED_DEVICE_FAMILY = "1,2";
				TEST_TARGET_NAME = SpendiTracker;
			};
			name = Debug;
		};
		EED9F9022D71A071000D3406 /* Release */ = {
			isa = XCBuildConfiguration;
			buildSettings = {
				CODE_SIGN_STYLE = Automatic;
				CURRENT_PROJECT_VERSION = 1;
				DEVELOPMENT_TEAM = 3P8PQZ7GZK;
				GENERATE_INFOPLIST_FILE = YES;
				MARKETING_VERSION = 1.0;
				PRODUCT_BUNDLE_IDENTIFIER = com.irfan.spendiTracker.SpendiTrackerUITests;
				PRODUCT_NAME = "$(TARGET_NAME)";
				SWIFT_EMIT_LOC_STRINGS = NO;
				SWIFT_VERSION = 5.0;
				TARGETED_DEVICE_FAMILY = "1,2";
				TEST_TARGET_NAME = SpendiTracker;
			};
			name = Release;
		};
/* End XCBuildConfiguration section */

/* Begin XCConfigurationList section */
		EED9F8D12D71A06F000D3406 /* Build configuration list for PBXProject "SpendiTracker" */ = {
			isa = XCConfigurationList;
			buildConfigurations = (
				EED9F8F82D71A071000D3406 /* Debug */,
				EED9F8F92D71A071000D3406 /* Release */,
			);
			defaultConfigurationIsVisible = 0;
			defaultConfigurationName = Release;
		};
		EED9F8FA2D71A071000D3406 /* Build configuration list for PBXNativeTarget "SpendiTracker" */ = {
			isa = XCConfigurationList;
			buildConfigurations = (
				EED9F8FB2D71A071000D3406 /* Debug */,
				EED9F8FC2D71A071000D3406 /* Release */,
			);
			defaultConfigurationIsVisible = 0;
			defaultConfigurationName = Release;
		};
		EED9F8FD2D71A071000D3406 /* Build configuration list for PBXNativeTarget "SpendiTrackerTests" */ = {
			isa = XCConfigurationList;
			buildConfigurations = (
				EED9F8FE2D71A071000D3406 /* Debug */,
				EED9F8FF2D71A071000D3406 /* Release */,
			);
			defaultConfigurationIsVisible = 0;
			defaultConfigurationName = Release;
		};
		EED9F9002D71A071000D3406 /* Build configuration list for PBXNativeTarget "SpendiTrackerUITests" */ = {
			isa = XCConfigurationList;
			buildConfigurations = (
				EED9F9012D71A071000D3406 /* Debug */,
				EED9F9022D71A071000D3406 /* Release */,
			);
			defaultConfigurationIsVisible = 0;
			defaultConfigurationName = Release;
		};
/* End XCConfigurationList section */

/* Begin XCRemoteSwiftPackageReference section */
		EE9254422EC2F861006ECDEB /* XCRemoteSwiftPackageReference "LeapChucker" */ = {
			isa = XCRemoteSwiftPackageReference;
			repositoryURL = "https://github.com/Anush01/LeapChucker";
			requirement = {
				branch = main;
				kind = branch;
			};
		};
		EEB8D8D32EC3003C007FBC3D /* XCRemoteSwiftPackageReference "lottie-ios" */ = {
			isa = XCRemoteSwiftPackageReference;
			repositoryURL = "https://github.com/airbnb/lottie-ios";
			requirement = {
				kind = upToNextMajorVersion;
				minimumVersion = 4.5.2;
			};
		};
		EED9F90D2D71A27B000D3406 /* XCRemoteSwiftPackageReference "Alamofire" */ = {
			isa = XCRemoteSwiftPackageReference;
			repositoryURL = "https://github.com/Alamofire/Alamofire";
			requirement = {
				kind = upToNextMajorVersion;
				minimumVersion = 5.10.2;
			};
		};
/* End XCRemoteSwiftPackageReference section */

/* Begin XCSwiftPackageProductDependency section */
		EE9254432EC2F861006ECDEB /* LeapChucker */ = {
			isa = XCSwiftPackageProductDependency;
			package = EE9254422EC2F861006ECDEB /* XCRemoteSwiftPackageReference "LeapChucker" */;
			productName = LeapChucker;
		};
		EEB8D8D42EC3003C007FBC3D /* Lottie */ = {
			isa = XCSwiftPackageProductDependency;
			package = EEB8D8D32EC3003C007FBC3D /* XCRemoteSwiftPackageReference "lottie-ios" */;
			productName = Lottie;
		};
		EED9F90E2D71A27B000D3406 /* Alamofire */ = {
			isa = XCSwiftPackageProductDependency;
			package = EED9F90D2D71A27B000D3406 /* XCRemoteSwiftPackageReference "Alamofire" */;
			productName = Alamofire;
		};
		EED9F9D32D7220C6000D3406 /* Alamofire */ = {
			isa = XCSwiftPackageProductDependency;
			package = EED9F90D2D71A27B000D3406 /* XCRemoteSwiftPackageReference "Alamofire" */;
			productName = Alamofire;
		};
/* End XCSwiftPackageProductDependency section */
	};
	rootObject = EED9F8CE2D71A06F000D3406 /* Project object */;
}
